{
  "name": "@actionseam/invokta-adapter-verification",
  "version": "0.0.0-experimental",
  "lockfileVersion": 3,
  "requires": true,
  "packages": {
    "": {
      "name": "@actionseam/invokta-adapter-verification",
      "version": "0.0.0-experimental",
      "license": "Apache-2.0",
      "dependencies": {
        "@invokta/core": "0.6.0",
        "zod": "4.4.3"
      },
      "engines": {
        "node": ">=22.20.0"
      }
    },
    "node_modules/@invokta/core": {
      "version": "0.6.0",
      "resolved": "https://registry.npmjs.org/@invokta/core/-/core-0.6.0.tgz",
      "integrity": "sha512-hXTddk/5Bp1oTJ426OxjMAVguordJo96ZM9qv6qQxVMWe+fjzDMbmGTmyg4Xs+3+a9Qb+6aybjz1ctQ9IREWGw==",
      "license": "MIT",
      "dependencies": {
        "@standard-schema/spec": "1.1.0"
      },
      "engines": {
        "node": ">=22.20.0"
      }
    },
    "node_modules/@standard-schema/spec": {
      "version": "1.1.0",
      "resolved": "https://registry.npmjs.org/@standard-schema/spec/-/spec-1.1.0.tgz",
      "integrity": "sha512-l2aFy5jALhniG5HgqrD6jXLi/rUWrKvqN/qJx6yoJsgKhblVd+iqqU4RCXavm/jPityDo5TCvKMnpjKnOriy0w==",
      "license": "MIT"
    },
    "node_modules/zod": {
      "version": "4.4.3",
      "resolved": "https://registry.npmjs.org/zod/-/zod-4.4.3.tgz",
      "integrity": "sha512-ytENFjIJFl2UwYglde2jchW2Hwm4GJFLDiSXWdTrJQBIN9Fcyp7n4DhxJEiWNAJMV1/BqWfW/kkg71UDcHJyTQ==",
      "license": "MIT",
      "funding": {
        "url": "https://github.com/sponsors/colinhacks"
      }
    }
  }
}
